{
  "object": {
    "pins": [
      {
        "package": "ConcurrentDictionary",
        "repositoryURL": "https://github.com/horothesun/ConcurrentDictionary",
        "state": {
          "branch": null,
          "revision": "9dc0b32179565cdaf58c10b3ad8c3209e0e3e28c",
          "version": "0.1.0"
        }
      }
    ]
  },
  "version": 1
}
