{
  "object": {
    "pins": [
      {
        "package": "ConcurrentDictionary",
        "repositoryURL": "https://github.com/horothesun/ConcurrentDictionary",
        "state": {
          "branch": null,
          "revision": "83b054f67b82b8197b8a95135c85f3e7c9299aeb",
          "version": "0.1.1"
        }
      }
    ]
  },
  "version": 1
}
